
Microsoft Visual Studio Solution File, Format Version 12.00
# Visual Studio 15
Project("{FAE04EC0-301F-11D3-BF4B-00C04F79EFBC}") = "Assembly-CSharp", "Assembly-CSharp.csproj", "{2C6553A4-718E-8268-E1E5-D17DD86C8521}"
EndProject
Project("{FAE04EC0-301F-11D3-BF4B-00C04F79EFBC}") = "Assembly-CSharp-Editor", "Assembly-CSharp-Editor.csproj", "{B8B49A08-9988-740C-9D82-4B064D420B31}"
EndProject
Project("{FAE04EC0-301F-11D3-BF4B-00C04F79EFBC}") = "Unity.XR.Interaction.Toolkit.Samples.DeviceSimulator", "Unity.XR.Interaction.Toolkit.Samples.DeviceSimulator.csproj", "{21013BCD-52ED-17DC-1517-17A8B18949FC}"
EndProject
Project("{FAE04EC0-301F-11D3-BF4B-00C04F79EFBC}") = "Unity.XR.Interaction.Toolkit.Samples.StarterAssets", "Unity.XR.Interaction.Toolkit.Samples.StarterAssets.csproj", "{D2C71D08-326D-1EBF-24C6-FCB37979E166}"
EndProject
Project("{FAE04EC0-301F-11D3-BF4B-00C04F79EFBC}") = "Unity.XR.Hands.Samples.VisualizerSample", "Unity.XR.Hands.Samples.VisualizerSample.csproj", "{76B12C64-7DFE-5D6D-233B-DA3DA2633B60}"
EndProject
Project("{FAE04EC0-301F-11D3-BF4B-00C04F79EFBC}") = "Unity.XR.Interaction.Toolkit.Samples.StarterAssets.Editor", "Unity.XR.Interaction.Toolkit.Samples.StarterAssets.Editor.csproj", "{FDF81D67-E5D2-47F9-40DF-80C0D7BD36EB}"
EndProject
Global
	GlobalSection(SolutionConfigurationPlatforms) = preSolution
		Debug|Any CPU = Debug|Any CPU
		Release|Any CPU = Release|Any CPU
	EndGlobalSection
	GlobalSection(ProjectConfigurationPlatforms) = postSolution
		{2C6553A4-718E-8268-E1E5-D17DD86C8521}.Debug|Any CPU.ActiveCfg = Debug|Any CPU
		{2C6553A4-718E-8268-E1E5-D17DD86C8521}.Debug|Any CPU.Build.0 = Debug|Any CPU
		{2C6553A4-718E-8268-E1E5-D17DD86C8521}.Release|Any CPU.ActiveCfg = Release|Any CPU
		{2C6553A4-718E-8268-E1E5-D17DD86C8521}.Release|Any CPU.Build.0 = Release|Any CPU
		{B8B49A08-9988-740C-9D82-4B064D420B31}.Debug|Any CPU.ActiveCfg = Debug|Any CPU
		{B8B49A08-9988-740C-9D82-4B064D420B31}.Debug|Any CPU.Build.0 = Debug|Any CPU
		{B8B49A08-9988-740C-9D82-4B064D420B31}.Release|Any CPU.ActiveCfg = Release|Any CPU
		{B8B49A08-9988-740C-9D82-4B064D420B31}.Release|Any CPU.Build.0 = Release|Any CPU
		{21013BCD-52ED-17DC-1517-17A8B18949FC}.Debug|Any CPU.ActiveCfg = Debug|Any CPU
		{21013BCD-52ED-17DC-1517-17A8B18949FC}.Debug|Any CPU.Build.0 = Debug|Any CPU
		{21013BCD-52ED-17DC-1517-17A8B18949FC}.Release|Any CPU.ActiveCfg = Release|Any CPU
		{21013BCD-52ED-17DC-1517-17A8B18949FC}.Release|Any CPU.Build.0 = Release|Any CPU
		{D2C71D08-326D-1EBF-24C6-FCB37979E166}.Debug|Any CPU.ActiveCfg = Debug|Any CPU
		{D2C71D08-326D-1EBF-24C6-FCB37979E166}.Debug|Any CPU.Build.0 = Debug|Any CPU
		{D2C71D08-326D-1EBF-24C6-FCB37979E166}.Release|Any CPU.ActiveCfg = Release|Any CPU
		{D2C71D08-326D-1EBF-24C6-FCB37979E166}.Release|Any CPU.Build.0 = Release|Any CPU
		{76B12C64-7DFE-5D6D-233B-DA3DA2633B60}.Debug|Any CPU.ActiveCfg = Debug|Any CPU
		{76B12C64-7DFE-5D6D-233B-DA3DA2633B60}.Debug|Any CPU.Build.0 = Debug|Any CPU
		{76B12C64-7DFE-5D6D-233B-DA3DA2633B60}.Release|Any CPU.ActiveCfg = Release|Any CPU
		{76B12C64-7DFE-5D6D-233B-DA3DA2633B60}.Release|Any CPU.Build.0 = Release|Any CPU
		{FDF81D67-E5D2-47F9-40DF-80C0D7BD36EB}.Debug|Any CPU.ActiveCfg = Debug|Any CPU
		{FDF81D67-E5D2-47F9-40DF-80C0D7BD36EB}.Debug|Any CPU.Build.0 = Debug|Any CPU
		{FDF81D67-E5D2-47F9-40DF-80C0D7BD36EB}.Release|Any CPU.ActiveCfg = Release|Any CPU
		{FDF81D67-E5D2-47F9-40DF-80C0D7BD36EB}.Release|Any CPU.Build.0 = Release|Any CPU
	EndGlobalSection
	GlobalSection(SolutionProperties) = preSolution
		HideSolutionNode = FALSE
	EndGlobalSection
EndGlobal
